
Microsoft Visual Studio Solution File, Format Version 12.00
# Visual Studio Version 16
VisualStudioVersion = 16.0.30204.135
MinimumVisualStudioVersion = 10.0.40219.1
Project("{9A19103F-16F7-4668-BE54-9A1E7A4F7556}") = "Demo.Automation.Tests", "Demo.Automation.Tests\Demo.Automation.Tests.csproj", "{9626369F-9F87-4634-BE2E-A44FE65BF2E9}"
EndProject
Global
	GlobalSection(SolutionConfigurationPlatforms) = preSolution
		Debug|Any CPU = Debug|Any CPU
		Release|Any CPU = Release|Any CPU
	EndGlobalSection
	GlobalSection(ProjectConfigurationPlatforms) = postSolution
		{9626369F-9F87-4634-BE2E-A44FE65BF2E9}.Debug|Any CPU.ActiveCfg = Debug|Any CPU
		{9626369F-9F87-4634-BE2E-A44FE65BF2E9}.Debug|Any CPU.Build.0 = Debug|Any CPU
		{9626369F-9F87-4634-BE2E-A44FE65BF2E9}.Release|Any CPU.ActiveCfg = Release|Any CPU
		{9626369F-9F87-4634-BE2E-A44FE65BF2E9}.Release|Any CPU.Build.0 = Release|Any CPU
	EndGlobalSection
	GlobalSection(SolutionProperties) = preSolution
		HideSolutionNode = FALSE
	EndGlobalSection
	GlobalSection(ExtensibilityGlobals) = postSolution
		SolutionGuid = {AA06F61F-6459-40B6-9DA4-F7501FB7A06A}
	EndGlobalSection
EndGlobal
